
Microsoft Visual Studio Solution File, Format Version 12.00
# Visual Studio Version 17
VisualStudioVersion = 17.5.002.0
MinimumVisualStudioVersion = 10.0.40219.1
Project("{9A19103F-16F7-4668-BE54-9A1E7A4F7556}") = "lab_1_Multicast", "lab_1_Multicast.csproj", "{84288833-6725-4D90-92D7-A33C0AC2C820}"
EndProject
Global
	GlobalSection(SolutionConfigurationPlatforms) = preSolution
		Debug|Any CPU = Debug|Any CPU
		Release|Any CPU = Release|Any CPU
	EndGlobalSection
	GlobalSection(ProjectConfigurationPlatforms) = postSolution
		{84288833-6725-4D90-92D7-A33C0AC2C820}.Debug|Any CPU.ActiveCfg = Debug|Any CPU
		{84288833-6725-4D90-92D7-A33C0AC2C820}.Debug|Any CPU.Build.0 = Debug|Any CPU
		{84288833-6725-4D90-92D7-A33C0AC2C820}.Release|Any CPU.ActiveCfg = Release|Any CPU
		{84288833-6725-4D90-92D7-A33C0AC2C820}.Release|Any CPU.Build.0 = Release|Any CPU
	EndGlobalSection
	GlobalSection(SolutionProperties) = preSolution
		HideSolutionNode = FALSE
	EndGlobalSection
	GlobalSection(ExtensibilityGlobals) = postSolution
		SolutionGuid = {CFC1F267-CD35-478C-B842-E5EBF9CBE416}
	EndGlobalSection
EndGlobal
